
Microsoft Visual Studio Solution File, Format Version 12.00
# Visual Studio Version 17
VisualStudioVersion = 17.0.32014.148
MinimumVisualStudioVersion = 10.0.40219.1
Project("{FAE04EC0-301F-11D3-BF4B-00C04F79EFBC}") = "AutoClick", "AutoClick\AutoClick.csproj", "{F96D192A-AF37-414A-8DC5-8EE73262CD52}"
EndProject
Global
	GlobalSection(SolutionConfigurationPlatforms) = preSolution
		Debug|Any CPU = Debug|Any CPU
		Release|Any CPU = Release|Any CPU
	EndGlobalSection
	GlobalSection(ProjectConfigurationPlatforms) = postSolution
		{F96D192A-AF37-414A-8DC5-8EE73262CD52}.Debug|Any CPU.ActiveCfg = Debug|Any CPU
		{F96D192A-AF37-414A-8DC5-8EE73262CD52}.Debug|Any CPU.Build.0 = Debug|Any CPU
		{F96D192A-AF37-414A-8DC5-8EE73262CD52}.Release|Any CPU.ActiveCfg = Release|Any CPU
		{F96D192A-AF37-414A-8DC5-8EE73262CD52}.Release|Any CPU.Build.0 = Release|Any CPU
	EndGlobalSection
	GlobalSection(SolutionProperties) = preSolution
		HideSolutionNode = FALSE
	EndGlobalSection
	GlobalSection(ExtensibilityGlobals) = postSolution
		SolutionGuid = {D05899F2-26D9-4A61-9FEE-4651679FB440}
	EndGlobalSection
EndGlobal
